
Microsoft Visual Studio Solution File, Format Version 12.00
# Visual Studio Version 16
VisualStudioVersion = 16.0.30717.126
MinimumVisualStudioVersion = 10.0.40219.1
Project("{2150E333-8FDC-42A3-9474-1A3956D46DE8}") = "UI", "UI", "{302E84A9-FB65-435D-85B5-EF3A16BA7257}"
EndProject
Project("{2150E333-8FDC-42A3-9474-1A3956D46DE8}") = "Domain", "Domain", "{8BF34CE1-5739-4E3A-A763-564A9C52E61D}"
EndProject
Project("{2150E333-8FDC-42A3-9474-1A3956D46DE8}") = "Application", "Application", "{71082EA6-934A-4FB2-A6A9-851C95727C12}"
EndProject
Project("{2150E333-8FDC-42A3-9474-1A3956D46DE8}") = "Infrastructure", "Infrastructure", "{32E15AAD-79EF-46F7-9798-49B16171036C}"
EndProject
Project("{FAE04EC0-301F-11D3-BF4B-00C04F79EFBC}") = "Birthday.Domain", "Birthday.Domain\Birthday.Domain.csproj", "{7492D652-17B5-4387-96BE-00F294B44838}"
EndProject
Project("{FAE04EC0-301F-11D3-BF4B-00C04F79EFBC}") = "Birthday.Infrastructure.DataAccess", "Birthday.Infrastructure\Birthday.Infrastructure.DataAccess.csproj", "{9425E1D5-4556-4E9F-8489-B253B80569E3}"
EndProject
Project("{FAE04EC0-301F-11D3-BF4B-00C04F79EFBC}") = "Birthday.ConsoleApp", "Birthday.ConsoleApp\Birthday.ConsoleApp.csproj", "{649823D7-FE90-4A04-A0F9-793D93A1926A}"
EndProject
Global
	GlobalSection(SolutionConfigurationPlatforms) = preSolution
		Debug|Any CPU = Debug|Any CPU
		Release|Any CPU = Release|Any CPU
	EndGlobalSection
	GlobalSection(ProjectConfigurationPlatforms) = postSolution
		{7492D652-17B5-4387-96BE-00F294B44838}.Debug|Any CPU.ActiveCfg = Debug|Any CPU
		{7492D652-17B5-4387-96BE-00F294B44838}.Debug|Any CPU.Build.0 = Debug|Any CPU
		{7492D652-17B5-4387-96BE-00F294B44838}.Release|Any CPU.ActiveCfg = Release|Any CPU
		{7492D652-17B5-4387-96BE-00F294B44838}.Release|Any CPU.Build.0 = Release|Any CPU
		{9425E1D5-4556-4E9F-8489-B253B80569E3}.Debug|Any CPU.ActiveCfg = Debug|Any CPU
		{9425E1D5-4556-4E9F-8489-B253B80569E3}.Debug|Any CPU.Build.0 = Debug|Any CPU
		{9425E1D5-4556-4E9F-8489-B253B80569E3}.Release|Any CPU.ActiveCfg = Release|Any CPU
		{9425E1D5-4556-4E9F-8489-B253B80569E3}.Release|Any CPU.Build.0 = Release|Any CPU
		{649823D7-FE90-4A04-A0F9-793D93A1926A}.Debug|Any CPU.ActiveCfg = Debug|Any CPU
		{649823D7-FE90-4A04-A0F9-793D93A1926A}.Debug|Any CPU.Build.0 = Debug|Any CPU
		{649823D7-FE90-4A04-A0F9-793D93A1926A}.Release|Any CPU.ActiveCfg = Release|Any CPU
		{649823D7-FE90-4A04-A0F9-793D93A1926A}.Release|Any CPU.Build.0 = Release|Any CPU
	EndGlobalSection
	GlobalSection(SolutionProperties) = preSolution
		HideSolutionNode = FALSE
	EndGlobalSection
	GlobalSection(NestedProjects) = preSolution
		{7492D652-17B5-4387-96BE-00F294B44838} = {8BF34CE1-5739-4E3A-A763-564A9C52E61D}
		{9425E1D5-4556-4E9F-8489-B253B80569E3} = {32E15AAD-79EF-46F7-9798-49B16171036C}
		{649823D7-FE90-4A04-A0F9-793D93A1926A} = {302E84A9-FB65-435D-85B5-EF3A16BA7257}
	EndGlobalSection
	GlobalSection(ExtensibilityGlobals) = postSolution
		SolutionGuid = {EB86A99D-336A-49F1-BB1A-770A4D1BBBC1}
	EndGlobalSection
EndGlobal
